
Microsoft Visual Studio Solution File, Format Version 12.00
# Visual Studio 15
VisualStudioVersion = 15.0.27205.2004
MinimumVisualStudioVersion = 10.0.40219.1
Project("{9A19103F-16F7-4668-BE54-9A1E7A4F7556}") = "MasterMUD.App", "MasterMUD.App.csproj", "{D1AE3E0D-8AA9-4AFC-B8EA-E01ED9977C02}"
EndProject
Project("{9A19103F-16F7-4668-BE54-9A1E7A4F7556}") = "MasterMUD.Network", "..\MasterMUD.Network\MasterMUD.Network.csproj", "{7EE029D4-45D7-4702-9821-49E639ABAD62}"
EndProject
Global
	GlobalSection(SolutionConfigurationPlatforms) = preSolution
		Debug|Any CPU = Debug|Any CPU
		Release|Any CPU = Release|Any CPU
	EndGlobalSection
	GlobalSection(ProjectConfigurationPlatforms) = postSolution
		{D1AE3E0D-8AA9-4AFC-B8EA-E01ED9977C02}.Debug|Any CPU.ActiveCfg = Debug|Any CPU
		{D1AE3E0D-8AA9-4AFC-B8EA-E01ED9977C02}.Debug|Any CPU.Build.0 = Debug|Any CPU
		{D1AE3E0D-8AA9-4AFC-B8EA-E01ED9977C02}.Release|Any CPU.ActiveCfg = Release|Any CPU
		{D1AE3E0D-8AA9-4AFC-B8EA-E01ED9977C02}.Release|Any CPU.Build.0 = Release|Any CPU
		{7EE029D4-45D7-4702-9821-49E639ABAD62}.Debug|Any CPU.ActiveCfg = Debug|Any CPU
		{7EE029D4-45D7-4702-9821-49E639ABAD62}.Debug|Any CPU.Build.0 = Debug|Any CPU
		{7EE029D4-45D7-4702-9821-49E639ABAD62}.Release|Any CPU.ActiveCfg = Release|Any CPU
		{7EE029D4-45D7-4702-9821-49E639ABAD62}.Release|Any CPU.Build.0 = Release|Any CPU
	EndGlobalSection
	GlobalSection(SolutionProperties) = preSolution
		HideSolutionNode = FALSE
	EndGlobalSection
	GlobalSection(ExtensibilityGlobals) = postSolution
		SolutionGuid = {5E53D0F0-A983-4684-B154-BC1E0AD623BA}
	EndGlobalSection
EndGlobal
